// !$*UTF8*$!
{
	archiveVersion = 1;
	classes = {
	};
	objectVersion = 50;
	objects = {

/* Begin PBXBuildFile section */
		8D57AF5D20E5CA2900CA3F5A /* AppDelegate.swift in Sources */ = {isa = PBXBuildFile; fileRef = 8D57AF5C20E5CA2900CA3F5A /* AppDelegate.swift */; };
		8D57AF6420E5CA2B00CA3F5A /* Assets.xcassets in Resources */ = {isa = PBXBuildFile; fileRef = 8D57AF6320E5CA2B00CA3F5A /* Assets.xcassets */; };
		8D57AF7C20E6073A00CA3F5A /* HXBViewController.swift in Sources */ = {isa = PBXBuildFile; fileRef = 8D57AF7B20E6073A00CA3F5A /* HXBViewController.swift */; };
		8D57AF7E20E6075200CA3F5A /* HXBTabBarController.swift in Sources */ = {isa = PBXBuildFile; fileRef = 8D57AF7D20E6075200CA3F5A /* HXBTabBarController.swift */; };
		8D57AF8020E6076F00CA3F5A /* HXBNavigationController.swift in Sources */ = {isa = PBXBuildFile; fileRef = 8D57AF7F20E6076F00CA3F5A /* HXBNavigationController.swift */; };
		8D57AF8220E6078100CA3F5A /* HXBModel.swift in Sources */ = {isa = PBXBuildFile; fileRef = 8D57AF8120E6078100CA3F5A /* HXBModel.swift */; };
		8D57AF8420E6079300CA3F5A /* HXBViewModel.swift in Sources */ = {isa = PBXBuildFile; fileRef = 8D57AF8320E6079300CA3F5A /* HXBViewModel.swift */; };
		8D57AF8620E607A000CA3F5A /* HXBNetConfig.swift in Sources */ = {isa = PBXBuildFile; fileRef = 8D57AF8520E607A000CA3F5A /* HXBNetConfig.swift */; };
		8D57AF8820E607EC00CA3F5A /* HXBShakeConfigUrlView.swift in Sources */ = {isa = PBXBuildFile; fileRef = 8D57AF8720E607EC00CA3F5A /* HXBShakeConfigUrlView.swift */; };
		8D57AF8F20E6084500CA3F5A /* ActiveBuilder.swift in Sources */ = {isa = PBXBuildFile; fileRef = 8D57AF8A20E6084500CA3F5A /* ActiveBuilder.swift */; };
		8D57AF9020E6084500CA3F5A /* ActiveLabel.swift in Sources */ = {isa = PBXBuildFile; fileRef = 8D57AF8B20E6084500CA3F5A /* ActiveLabel.swift */; };
		8D57AF9120E6084500CA3F5A /* ActiveType.swift in Sources */ = {isa = PBXBuildFile; fileRef = 8D57AF8C20E6084500CA3F5A /* ActiveType.swift */; };
		8D57AF9220E6084500CA3F5A /* RegexParser.swift in Sources */ = {isa = PBXBuildFile; fileRef = 8D57AF8D20E6084500CA3F5A /* RegexParser.swift */; };
		8D57AF9320E6084500CA3F5A /* StringTrimExtension.swift in Sources */ = {isa = PBXBuildFile; fileRef = 8D57AF8E20E6084500CA3F5A /* StringTrimExtension.swift */; };
		8D57AFA520E608F700CA3F5A /* HXBHomeController.swift in Sources */ = {isa = PBXBuildFile; fileRef = 8D57AFA420E608F700CA3F5A /* HXBHomeController.swift */; };
		8D57AFA720E6090C00CA3F5A /* HXBInvestController.swift in Sources */ = {isa = PBXBuildFile; fileRef = 8D57AFA620E6090C00CA3F5A /* HXBInvestController.swift */; };
		8D57AFA920E6092200CA3F5A /* HXBMineController.swift in Sources */ = {isa = PBXBuildFile; fileRef = 8D57AFA820E6092200CA3F5A /* HXBMineController.swift */; };
/* End PBXBuildFile section */

/* Begin PBXFileReference section */
		8D57AF5920E5CA2900CA3F5A /* HXB.app */ = {isa = PBXFileReference; explicitFileType = wrapper.application; includeInIndex = 0; path = HXB.app; sourceTree = BUILT_PRODUCTS_DIR; };
		8D57AF5C20E5CA2900CA3F5A /* AppDelegate.swift */ = {isa = PBXFileReference; lastKnownFileType = sourcecode.swift; path = AppDelegate.swift; sourceTree = "<group>"; };
		8D57AF6320E5CA2B00CA3F5A /* Assets.xcassets */ = {isa = PBXFileReference; lastKnownFileType = folder.assetcatalog; path = Assets.xcassets; sourceTree = "<group>"; };
		8D57AF6820E5CA2B00CA3F5A /* Info.plist */ = {isa = PBXFileReference; lastKnownFileType = text.plist.xml; path = Info.plist; sourceTree = "<group>"; };
		8D57AF7B20E6073A00CA3F5A /* HXBViewController.swift */ = {isa = PBXFileReference; lastKnownFileType = sourcecode.swift; path = HXBViewController.swift; sourceTree = "<group>"; };
		8D57AF7D20E6075200CA3F5A /* HXBTabBarController.swift */ = {isa = PBXFileReference; lastKnownFileType = sourcecode.swift; path = HXBTabBarController.swift; sourceTree = "<group>"; };
		8D57AF7F20E6076F00CA3F5A /* HXBNavigationController.swift */ = {isa = PBXFileReference; lastKnownFileType = sourcecode.swift; path = HXBNavigationController.swift; sourceTree = "<group>"; };
		8D57AF8120E6078100CA3F5A /* HXBModel.swift */ = {isa = PBXFileReference; lastKnownFileType = sourcecode.swift; path = HXBModel.swift; sourceTree = "<group>"; };
		8D57AF8320E6079300CA3F5A /* HXBViewModel.swift */ = {isa = PBXFileReference; lastKnownFileType = sourcecode.swift; path = HXBViewModel.swift; sourceTree = "<group>"; };
		8D57AF8520E607A000CA3F5A /* HXBNetConfig.swift */ = {isa = PBXFileReference; lastKnownFileType = sourcecode.swift; path = HXBNetConfig.swift; sourceTree = "<group>"; };
		8D57AF8720E607EC00CA3F5A /* HXBShakeConfigUrlView.swift */ = {isa = PBXFileReference; lastKnownFileType = sourcecode.swift; path = HXBShakeConfigUrlView.swift; sourceTree = "<group>"; };
		8D57AF8A20E6084500CA3F5A /* ActiveBuilder.swift */ = {isa = PBXFileReference; fileEncoding = 4; lastKnownFileType = sourcecode.swift; path = ActiveBuilder.swift; sourceTree = "<group>"; };
		8D57AF8B20E6084500CA3F5A /* ActiveLabel.swift */ = {isa = PBXFileReference; fileEncoding = 4; lastKnownFileType = sourcecode.swift; path = ActiveLabel.swift; sourceTree = "<group>"; };
		8D57AF8C20E6084500CA3F5A /* ActiveType.swift */ = {isa = PBXFileReference; fileEncoding = 4; lastKnownFileType = sourcecode.swift; path = ActiveType.swift; sourceTree = "<group>"; };
		8D57AF8D20E6084500CA3F5A /* RegexParser.swift */ = {isa = PBXFileReference; fileEncoding = 4; lastKnownFileType = sourcecode.swift; path = RegexParser.swift; sourceTree = "<group>"; };
		8D57AF8E20E6084500CA3F5A /* StringTrimExtension.swift */ = {isa = PBXFileReference; fileEncoding = 4; lastKnownFileType = sourcecode.swift; path = StringTrimExtension.swift; sourceTree = "<group>"; };
		8D57AFA420E608F700CA3F5A /* HXBHomeController.swift */ = {isa = PBXFileReference; lastKnownFileType = sourcecode.swift; path = HXBHomeController.swift; sourceTree = "<group>"; };
		8D57AFA620E6090C00CA3F5A /* HXBInvestController.swift */ = {isa = PBXFileReference; lastKnownFileType = sourcecode.swift; path = HXBInvestController.swift; sourceTree = "<group>"; };
		8D57AFA820E6092200CA3F5A /* HXBMineController.swift */ = {isa = PBXFileReference; lastKnownFileType = sourcecode.swift; path = HXBMineController.swift; sourceTree = "<group>"; };
/* End PBXFileReference section */

/* Begin PBXFrameworksBuildPhase section */
		8D57AF5620E5CA2900CA3F5A /* Frameworks */ = {
			isa = PBXFrameworksBuildPhase;
			buildActionMask = 2147483647;
			files = (
			);
			runOnlyForDeploymentPostprocessing = 0;
		};
/* End PBXFrameworksBuildPhase section */

/* Begin PBXGroup section */
		8D57AF5020E5CA2900CA3F5A = {
			isa = PBXGroup;
			children = (
				8D57AF5B20E5CA2900CA3F5A /* HXB */,
				8D57AF5A20E5CA2900CA3F5A /* Products */,
			);
			sourceTree = "<group>";
		};
		8D57AF5A20E5CA2900CA3F5A /* Products */ = {
			isa = PBXGroup;
			children = (
				8D57AF5920E5CA2900CA3F5A /* HXB.app */,
			);
			name = Products;
			sourceTree = "<group>";
		};
		8D57AF5B20E5CA2900CA3F5A /* HXB */ = {
			isa = PBXGroup;
			children = (
				8D57AF6F20E6066C00CA3F5A /* Classes */,
				8D57AF5C20E5CA2900CA3F5A /* AppDelegate.swift */,
				8D57AF6320E5CA2B00CA3F5A /* Assets.xcassets */,
				8D57AF6820E5CA2B00CA3F5A /* Info.plist */,
			);
			path = HXB;
			sourceTree = "<group>";
		};
		8D57AF6F20E6066C00CA3F5A /* Classes */ = {
			isa = PBXGroup;
			children = (
				8D57AF7020E6066C00CA3F5A /* Basics */,
				8D57AF7520E6066C00CA3F5A /* Config */,
				8D57AF7620E6066C00CA3F5A /* Main */,
				8D57AF7720E6066C00CA3F5A /* Network */,
				8D57AF7820E6066C00CA3F5A /* Other */,
				8D57AF7920E6066C00CA3F5A /* Util */,
				8D57AF7A20E6066C00CA3F5A /* Vender */,
			);
			path = Classes;
			sourceTree = "<group>";
		};
		8D57AF7020E6066C00CA3F5A /* Basics */ = {
			isa = PBXGroup;
			children = (
				8D57AF7120E6066C00CA3F5A /* Controller */,
				8D57AF7220E6066C00CA3F5A /* Model */,
				8D57AF7320E6066C00CA3F5A /* View */,
				8D57AF7420E6066C00CA3F5A /* ViewModel */,
			);
			path = Basics;
			sourceTree = "<group>";
		};
		8D57AF7120E6066C00CA3F5A /* Controller */ = {
			isa = PBXGroup;
			children = (
				8D57AF7B20E6073A00CA3F5A /* HXBViewController.swift */,
				8D57AF7D20E6075200CA3F5A /* HXBTabBarController.swift */,
				8D57AF7F20E6076F00CA3F5A /* HXBNavigationController.swift */,
			);
			path = Controller;
			sourceTree = "<group>";
		};
		8D57AF7220E6066C00CA3F5A /* Model */ = {
			isa = PBXGroup;
			children = (
				8D57AF8120E6078100CA3F5A /* HXBModel.swift */,
			);
			path = Model;
			sourceTree = "<group>";
		};
		8D57AF7320E6066C00CA3F5A /* View */ = {
			isa = PBXGroup;
			children = (
			);
			path = View;
			sourceTree = "<group>";
		};
		8D57AF7420E6066C00CA3F5A /* ViewModel */ = {
			isa = PBXGroup;
			children = (
				8D57AF8320E6079300CA3F5A /* HXBViewModel.swift */,
			);
			path = ViewModel;
			sourceTree = "<group>";
		};
		8D57AF7520E6066C00CA3F5A /* Config */ = {
			isa = PBXGroup;
			children = (
				8D57AF8520E607A000CA3F5A /* HXBNetConfig.swift */,
			);
			path = Config;
			sourceTree = "<group>";
		};
		8D57AF7620E6066C00CA3F5A /* Main */ = {
			isa = PBXGroup;
			children = (
				8D57AF9A20E608D700CA3F5A /* Home */,
				8D57AF9F20E608D800CA3F5A /* Invest */,
				8D57AF9520E608D700CA3F5A /* Mine */,
			);
			path = Main;
			sourceTree = "<group>";
		};
		8D57AF7720E6066C00CA3F5A /* Network */ = {
			isa = PBXGroup;
			children = (
			);
			path = Network;
			sourceTree = "<group>";
		};
		8D57AF7820E6066C00CA3F5A /* Other */ = {
			isa = PBXGroup;
			children = (
				8D57AF8720E607EC00CA3F5A /* HXBShakeConfigUrlView.swift */,
			);
			path = Other;
			sourceTree = "<group>";
		};
		8D57AF7920E6066C00CA3F5A /* Util */ = {
			isa = PBXGroup;
			children = (
			);
			path = Util;
			sourceTree = "<group>";
		};
		8D57AF7A20E6066C00CA3F5A /* Vender */ = {
			isa = PBXGroup;
			children = (
				8D57AF8920E6084500CA3F5A /* ActiveLabel */,
			);
			path = Vender;
			sourceTree = "<group>";
		};
		8D57AF8920E6084500CA3F5A /* ActiveLabel */ = {
			isa = PBXGroup;
			children = (
				8D57AF8A20E6084500CA3F5A /* ActiveBuilder.swift */,
				8D57AF8B20E6084500CA3F5A /* ActiveLabel.swift */,
				8D57AF8C20E6084500CA3F5A /* ActiveType.swift */,
				8D57AF8D20E6084500CA3F5A /* RegexParser.swift */,
				8D57AF8E20E6084500CA3F5A /* StringTrimExtension.swift */,
			);
			path = ActiveLabel;
			sourceTree = "<group>";
		};
		8D57AF9520E608D700CA3F5A /* Mine */ = {
			isa = PBXGroup;
			children = (
				8D57AF9620E608D700CA3F5A /* Controller */,
				8D57AF9720E608D700CA3F5A /* Model */,
				8D57AF9820E608D700CA3F5A /* View */,
				8D57AF9920E608D700CA3F5A /* ViewModel */,
			);
			path = Mine;
			sourceTree = "<group>";
		};
		8D57AF9620E608D700CA3F5A /* Controller */ = {
			isa = PBXGroup;
			children = (
				8D57AFA820E6092200CA3F5A /* HXBMineController.swift */,
			);
			path = Controller;
			sourceTree = "<group>";
		};
		8D57AF9720E608D700CA3F5A /* Model */ = {
			isa = PBXGroup;
			children = (
			);
			path = Model;
			sourceTree = "<group>";
		};
		8D57AF9820E608D700CA3F5A /* View */ = {
			isa = PBXGroup;
			children = (
			);
			path = View;
			sourceTree = "<group>";
		};
		8D57AF9920E608D700CA3F5A /* ViewModel */ = {
			isa = PBXGroup;
			children = (
			);
			path = ViewModel;
			sourceTree = "<group>";
		};
		8D57AF9A20E608D700CA3F5A /* Home */ = {
			isa = PBXGroup;
			children = (
				8D57AF9B20E608D700CA3F5A /* Controller */,
				8D57AF9C20E608D700CA3F5A /* Model */,
				8D57AF9D20E608D700CA3F5A /* View */,
				8D57AF9E20E608D700CA3F5A /* ViewModel */,
			);
			path = Home;
			sourceTree = "<group>";
		};
		8D57AF9B20E608D700CA3F5A /* Controller */ = {
			isa = PBXGroup;
			children = (
				8D57AFA420E608F700CA3F5A /* HXBHomeController.swift */,
			);
			path = Controller;
			sourceTree = "<group>";
		};
		8D57AF9C20E608D700CA3F5A /* Model */ = {
			isa = PBXGroup;
			children = (
			);
			path = Model;
			sourceTree = "<group>";
		};
		8D57AF9D20E608D700CA3F5A /* View */ = {
			isa = PBXGroup;
			children = (
			);
			path = View;
			sourceTree = "<group>";
		};
		8D57AF9E20E608D700CA3F5A /* ViewModel */ = {
			isa = PBXGroup;
			children = (
			);
			path = ViewModel;
			sourceTree = "<group>";
		};
		8D57AF9F20E608D800CA3F5A /* Invest */ = {
			isa = PBXGroup;
			children = (
				8D57AFA020E608D800CA3F5A /* Controller */,
				8D57AFA120E608D800CA3F5A /* Model */,
				8D57AFA220E608D800CA3F5A /* View */,
				8D57AFA320E608D800CA3F5A /* ViewModel */,
			);
			path = Invest;
			sourceTree = "<group>";
		};
		8D57AFA020E608D800CA3F5A /* Controller */ = {
			isa = PBXGroup;
			children = (
				8D57AFA620E6090C00CA3F5A /* HXBInvestController.swift */,
			);
			path = Controller;
			sourceTree = "<group>";
		};
		8D57AFA120E608D800CA3F5A /* Model */ = {
			isa = PBXGroup;
			children = (
			);
			path = Model;
			sourceTree = "<group>";
		};
		8D57AFA220E608D800CA3F5A /* View */ = {
			isa = PBXGroup;
			children = (
			);
			path = View;
			sourceTree = "<group>";
		};
		8D57AFA320E608D800CA3F5A /* ViewModel */ = {
			isa = PBXGroup;
			children = (
			);
			path = ViewModel;
			sourceTree = "<group>";
		};
/* End PBXGroup section */

/* Begin PBXNativeTarget section */
		8D57AF5820E5CA2900CA3F5A /* HXB */ = {
			isa = PBXNativeTarget;
			buildConfigurationList = 8D57AF6B20E5CA2B00CA3F5A /* Build configuration list for PBXNativeTarget "HXB" */;
			buildPhases = (
				8D57AF5520E5CA2900CA3F5A /* Sources */,
				8D57AF5620E5CA2900CA3F5A /* Frameworks */,
				8D57AF5720E5CA2900CA3F5A /* Resources */,
			);
			buildRules = (
			);
			dependencies = (
			);
			name = HXB;
			productName = HXB;
			productReference = 8D57AF5920E5CA2900CA3F5A /* HXB.app */;
			productType = "com.apple.product-type.application";
		};
/* End PBXNativeTarget section */

/* Begin PBXProject section */
		8D57AF5120E5CA2900CA3F5A /* Project object */ = {
			isa = PBXProject;
			attributes = {
				LastSwiftUpdateCheck = 0940;
				LastUpgradeCheck = 0940;
				ORGANIZATIONNAME = lixiangzhou;
				TargetAttributes = {
					8D57AF5820E5CA2900CA3F5A = {
						CreatedOnToolsVersion = 9.4;
					};
				};
			};
			buildConfigurationList = 8D57AF5420E5CA2900CA3F5A /* Build configuration list for PBXProject "HXB" */;
			compatibilityVersion = "Xcode 9.3";
			developmentRegion = en;
			hasScannedForEncodings = 0;
			knownRegions = (
				en,
				Base,
			);
			mainGroup = 8D57AF5020E5CA2900CA3F5A;
			productRefGroup = 8D57AF5A20E5CA2900CA3F5A /* Products */;
			projectDirPath = "";
			projectRoot = "";
			targets = (
				8D57AF5820E5CA2900CA3F5A /* HXB */,
			);
		};
/* End PBXProject section */

/* Begin PBXResourcesBuildPhase section */
		8D57AF5720E5CA2900CA3F5A /* Resources */ = {
			isa = PBXResourcesBuildPhase;
			buildActionMask = 2147483647;
			files = (
				8D57AF6420E5CA2B00CA3F5A /* Assets.xcassets in Resources */,
			);
			runOnlyForDeploymentPostprocessing = 0;
		};
/* End PBXResourcesBuildPhase section */

/* Begin PBXSourcesBuildPhase section */
		8D57AF5520E5CA2900CA3F5A /* Sources */ = {
			isa = PBXSourcesBuildPhase;
			buildActionMask = 2147483647;
			files = (
				8D57AF8820E607EC00CA3F5A /* HXBShakeConfigUrlView.swift in Sources */,
				8D57AFA920E6092200CA3F5A /* HXBMineController.swift in Sources */,
				8D57AF7E20E6075200CA3F5A /* HXBTabBarController.swift in Sources */,
				8D57AF5D20E5CA2900CA3F5A /* AppDelegate.swift in Sources */,
				8D57AF8F20E6084500CA3F5A /* ActiveBuilder.swift in Sources */,
				8D57AF8020E6076F00CA3F5A /* HXBNavigationController.swift in Sources */,
				8D57AF9320E6084500CA3F5A /* StringTrimExtension.swift in Sources */,
				8D57AF8420E6079300CA3F5A /* HXBViewModel.swift in Sources */,
				8D57AF9020E6084500CA3F5A /* ActiveLabel.swift in Sources */,
				8D57AFA720E6090C00CA3F5A /* HXBInvestController.swift in Sources */,
				8D57AF8620E607A000CA3F5A /* HXBNetConfig.swift in Sources */,
				8D57AF9220E6084500CA3F5A /* RegexParser.swift in Sources */,
				8D57AF7C20E6073A00CA3F5A /* HXBViewController.swift in Sources */,
				8D57AF8220E6078100CA3F5A /* HXBModel.swift in Sources */,
				8D57AF9120E6084500CA3F5A /* ActiveType.swift in Sources */,
				8D57AFA520E608F700CA3F5A /* HXBHomeController.swift in Sources */,
			);
			runOnlyForDeploymentPostprocessing = 0;
		};
/* End PBXSourcesBuildPhase section */

/* Begin XCBuildConfiguration section */
		8D57AF6920E5CA2B00CA3F5A /* Debug */ = {
			isa = XCBuildConfiguration;
			buildSettings = {
				ALWAYS_SEARCH_USER_PATHS = NO;
				CLANG_ANALYZER_NONNULL = YES;
				CLANG_ANALYZER_NUMBER_OBJECT_CONVERSION = YES_AGGRESSIVE;
				CLANG_CXX_LANGUAGE_STANDARD = "gnu++14";
				CLANG_CXX_LIBRARY = "libc++";
				CLANG_ENABLE_MODULES = YES;
				CLANG_ENABLE_OBJC_ARC = YES;
				CLANG_ENABLE_OBJC_WEAK = YES;
				CLANG_WARN_BLOCK_CAPTURE_AUTORELEASING = YES;
				CLANG_WARN_BOOL_CONVERSION = YES;
				CLANG_WARN_COMMA = YES;
				CLANG_WARN_CONSTANT_CONVERSION = YES;
				CLANG_WARN_DEPRECATED_OBJC_IMPLEMENTATIONS = YES;
				CLANG_WARN_DIRECT_OBJC_ISA_USAGE = YES_ERROR;
				CLANG_WARN_DOCUMENTATION_COMMENTS = YES;
				CLANG_WARN_EMPTY_BODY = YES;
				CLANG_WARN_ENUM_CONVERSION = YES;
				CLANG_WARN_INFINITE_RECURSION = YES;
				CLANG_WARN_INT_CONVERSION = YES;
				CLANG_WARN_NON_LITERAL_NULL_CONVERSION = YES;
				CLANG_WARN_OBJC_IMPLICIT_RETAIN_SELF = YES;
				CLANG_WARN_OBJC_LITERAL_CONVERSION = YES;
				CLANG_WARN_OBJC_ROOT_CLASS = YES_ERROR;
				CLANG_WARN_RANGE_LOOP_ANALYSIS = YES;
				CLANG_WARN_STRICT_PROTOTYPES = YES;
				CLANG_WARN_SUSPICIOUS_MOVE = YES;
				CLANG_WARN_UNGUARDED_AVAILABILITY = YES_AGGRESSIVE;
				CLANG_WARN_UNREACHABLE_CODE = YES;
				CLANG_WARN__DUPLICATE_METHOD_MATCH = YES;
				CODE_SIGN_IDENTITY = "iPhone Developer";
				COPY_PHASE_STRIP = NO;
				DEBUG_INFORMATION_FORMAT = dwarf;
				ENABLE_STRICT_OBJC_MSGSEND = YES;
				ENABLE_TESTABILITY = YES;
				GCC_C_LANGUAGE_STANDARD = gnu11;
				GCC_DYNAMIC_NO_PIC = NO;
				GCC_NO_COMMON_BLOCKS = YES;
				GCC_OPTIMIZATION_LEVEL = 0;
				GCC_PREPROCESSOR_DEFINITIONS = (
					"DEBUG=1",
					"$(inherited)",
				);
				GCC_WARN_64_TO_32_BIT_CONVERSION = YES;
				GCC_WARN_ABOUT_RETURN_TYPE = YES_ERROR;
				GCC_WARN_UNDECLARED_SELECTOR = YES;
				GCC_WARN_UNINITIALIZED_AUTOS = YES_AGGRESSIVE;
				GCC_WARN_UNUSED_FUNCTION = YES;
				GCC_WARN_UNUSED_VARIABLE = YES;
				IPHONEOS_DEPLOYMENT_TARGET = 11.4;
				MTL_ENABLE_DEBUG_INFO = YES;
				ONLY_ACTIVE_ARCH = YES;
				SDKROOT = iphoneos;
				SWIFT_ACTIVE_COMPILATION_CONDITIONS = DEBUG;
				SWIFT_OPTIMIZATION_LEVEL = "-Onone";
			};
			name = Debug;
		};
		8D57AF6A20E5CA2B00CA3F5A /* Release */ = {
			isa = XCBuildConfiguration;
			buildSettings = {
				ALWAYS_SEARCH_USER_PATHS = NO;
				CLANG_ANALYZER_NONNULL = YES;
				CLANG_ANALYZER_NUMBER_OBJECT_CONVERSION = YES_AGGRESSIVE;
				CLANG_CXX_LANGUAGE_STANDARD = "gnu++14";
				CLANG_CXX_LIBRARY = "libc++";
				CLANG_ENABLE_MODULES = YES;
				CLANG_ENABLE_OBJC_ARC = YES;
				CLANG_ENABLE_OBJC_WEAK = YES;
				CLANG_WARN_BLOCK_CAPTURE_AUTORELEASING = YES;
				CLANG_WARN_BOOL_CONVERSION = YES;
				CLANG_WARN_COMMA = YES;
				CLANG_WARN_CONSTANT_CONVERSION = YES;
				CLANG_WARN_DEPRECATED_OBJC_IMPLEMENTATIONS = YES;
				CLANG_WARN_DIRECT_OBJC_ISA_USAGE = YES_ERROR;
				CLANG_WARN_DOCUMENTATION_COMMENTS = YES;
				CLANG_WARN_EMPTY_BODY = YES;
				CLANG_WARN_ENUM_CONVERSION = YES;
				CLANG_WARN_INFINITE_RECURSION = YES;
				CLANG_WARN_INT_CONVERSION = YES;
				CLANG_WARN_NON_LITERAL_NULL_CONVERSION = YES;
				CLANG_WARN_OBJC_IMPLICIT_RETAIN_SELF = YES;
				CLANG_WARN_OBJC_LITERAL_CONVERSION = YES;
				CLANG_WARN_OBJC_ROOT_CLASS = YES_ERROR;
				CLANG_WARN_RANGE_LOOP_ANALYSIS = YES;
				CLANG_WARN_STRICT_PROTOTYPES = YES;
				CLANG_WARN_SUSPICIOUS_MOVE = YES;
				CLANG_WARN_UNGUARDED_AVAILABILITY = YES_AGGRESSIVE;
				CLANG_WARN_UNREACHABLE_CODE = YES;
				CLANG_WARN__DUPLICATE_METHOD_MATCH = YES;
				CODE_SIGN_IDENTITY = "iPhone Developer";
				COPY_PHASE_STRIP = NO;
				DEBUG_INFORMATION_FORMAT = "dwarf-with-dsym";
				ENABLE_NS_ASSERTIONS = NO;
				ENABLE_STRICT_OBJC_MSGSEND = YES;
				GCC_C_LANGUAGE_STANDARD = gnu11;
				GCC_NO_COMMON_BLOCKS = YES;
				GCC_WARN_64_TO_32_BIT_CONVERSION = YES;
				GCC_WARN_ABOUT_RETURN_TYPE = YES_ERROR;
				GCC_WARN_UNDECLARED_SELECTOR = YES;
				GCC_WARN_UNINITIALIZED_AUTOS = YES_AGGRESSIVE;
				GCC_WARN_UNUSED_FUNCTION = YES;
				GCC_WARN_UNUSED_VARIABLE = YES;
				IPHONEOS_DEPLOYMENT_TARGET = 11.4;
				MTL_ENABLE_DEBUG_INFO = NO;
				SDKROOT = iphoneos;
				SWIFT_COMPILATION_MODE = wholemodule;
				SWIFT_OPTIMIZATION_LEVEL = "-O";
				VALIDATE_PRODUCT = YES;
			};
			name = Release;
		};
		8D57AF6C20E5CA2B00CA3F5A /* Debug */ = {
			isa = XCBuildConfiguration;
			buildSettings = {
				ASSETCATALOG_COMPILER_APPICON_NAME = AppIcon;
				ASSETCATALOG_COMPILER_LAUNCHIMAGE_NAME = LaunchImage;
				CODE_SIGN_STYLE = Automatic;
				DEVELOPMENT_TEAM = Z9M2NMJFP5;
				INFOPLIST_FILE = HXB/Info.plist;
				IPHONEOS_DEPLOYMENT_TARGET = 9.0;
				LD_RUNPATH_SEARCH_PATHS = (
					"$(inherited)",
					"@executable_path/Frameworks",
				);
				PRODUCT_BUNDLE_IDENTIFIER = com.lxz.HXB;
				PRODUCT_NAME = "$(TARGET_NAME)";
				SWIFT_VERSION = 4.0;
				TARGETED_DEVICE_FAMILY = 1;
			};
			name = Debug;
		};
		8D57AF6D20E5CA2B00CA3F5A /* Release */ = {
			isa = XCBuildConfiguration;
			buildSettings = {
				ASSETCATALOG_COMPILER_APPICON_NAME = AppIcon;
				ASSETCATALOG_COMPILER_LAUNCHIMAGE_NAME = LaunchImage;
				CODE_SIGN_STYLE = Automatic;
				DEVELOPMENT_TEAM = Z9M2NMJFP5;
				INFOPLIST_FILE = HXB/Info.plist;
				IPHONEOS_DEPLOYMENT_TARGET = 9.0;
				LD_RUNPATH_SEARCH_PATHS = (
					"$(inherited)",
					"@executable_path/Frameworks",
				);
				PRODUCT_BUNDLE_IDENTIFIER = com.lxz.HXB;
				PRODUCT_NAME = "$(TARGET_NAME)";
				SWIFT_VERSION = 4.0;
				TARGETED_DEVICE_FAMILY = 1;
			};
			name = Release;
		};
/* End XCBuildConfiguration section */

/* Begin XCConfigurationList section */
		8D57AF5420E5CA2900CA3F5A /* Build configuration list for PBXProject "HXB" */ = {
			isa = XCConfigurationList;
			buildConfigurations = (
				8D57AF6920E5CA2B00CA3F5A /* Debug */,
				8D57AF6A20E5CA2B00CA3F5A /* Release */,
			);
			defaultConfigurationIsVisible = 0;
			defaultConfigurationName = Release;
		};
		8D57AF6B20E5CA2B00CA3F5A /* Build configuration list for PBXNativeTarget "HXB" */ = {
			isa = XCConfigurationList;
			buildConfigurations = (
				8D57AF6C20E5CA2B00CA3F5A /* Debug */,
				8D57AF6D20E5CA2B00CA3F5A /* Release */,
			);
			defaultConfigurationIsVisible = 0;
			defaultConfigurationName = Release;
		};
/* End XCConfigurationList section */
	};
	rootObject = 8D57AF5120E5CA2900CA3F5A /* Project object */;
}
