// !$*UTF8*$!
{
	archiveVersion = 1;
	classes = {
	};
	objectVersion = 50;
	objects = {

/* Begin PBXBuildFile section */
		37E15F76F0FC7256DA075C11 /* Pods_HXB.framework in Frameworks */ = {isa = PBXBuildFile; fileRef = FE6381BBAB3DDF96B52EBF4D /* Pods_HXB.framework */; };
		8D39140820E640AE0005AF9E /* HXBMineViewModel.swift in Sources */ = {isa = PBXBuildFile; fileRef = 8D39140720E640AE0005AF9E /* HXBMineViewModel.swift */; };
		8D57AF5D20E5CA2900CA3F5A /* AppDelegate.swift in Sources */ = {isa = PBXBuildFile; fileRef = 8D57AF5C20E5CA2900CA3F5A /* AppDelegate.swift */; };
		8D57AF6420E5CA2B00CA3F5A /* Assets.xcassets in Resources */ = {isa = PBXBuildFile; fileRef = 8D57AF6320E5CA2B00CA3F5A /* Assets.xcassets */; };
		8D57AF7C20E6073A00CA3F5A /* HXBViewController.swift in Sources */ = {isa = PBXBuildFile; fileRef = 8D57AF7B20E6073A00CA3F5A /* HXBViewController.swift */; };
		8D57AF7E20E6075200CA3F5A /* HXBTabBarController.swift in Sources */ = {isa = PBXBuildFile; fileRef = 8D57AF7D20E6075200CA3F5A /* HXBTabBarController.swift */; };
		8D57AF8020E6076F00CA3F5A /* HXBNavigationController.swift in Sources */ = {isa = PBXBuildFile; fileRef = 8D57AF7F20E6076F00CA3F5A /* HXBNavigationController.swift */; };
		8D57AF8220E6078100CA3F5A /* HXBModel.swift in Sources */ = {isa = PBXBuildFile; fileRef = 8D57AF8120E6078100CA3F5A /* HXBModel.swift */; };
		8D57AF8420E6079300CA3F5A /* HXBViewModel.swift in Sources */ = {isa = PBXBuildFile; fileRef = 8D57AF8320E6079300CA3F5A /* HXBViewModel.swift */; };
		8D57AF8820E607EC00CA3F5A /* HXBShakeConfigUrlView.swift in Sources */ = {isa = PBXBuildFile; fileRef = 8D57AF8720E607EC00CA3F5A /* HXBShakeConfigUrlView.swift */; };
		8D57AF8F20E6084500CA3F5A /* ActiveBuilder.swift in Sources */ = {isa = PBXBuildFile; fileRef = 8D57AF8A20E6084500CA3F5A /* ActiveBuilder.swift */; };
		8D57AF9020E6084500CA3F5A /* ActiveLabel.swift in Sources */ = {isa = PBXBuildFile; fileRef = 8D57AF8B20E6084500CA3F5A /* ActiveLabel.swift */; };
		8D57AF9120E6084500CA3F5A /* ActiveType.swift in Sources */ = {isa = PBXBuildFile; fileRef = 8D57AF8C20E6084500CA3F5A /* ActiveType.swift */; };
		8D57AF9220E6084500CA3F5A /* RegexParser.swift in Sources */ = {isa = PBXBuildFile; fileRef = 8D57AF8D20E6084500CA3F5A /* RegexParser.swift */; };
		8D57AF9320E6084500CA3F5A /* StringTrimExtension.swift in Sources */ = {isa = PBXBuildFile; fileRef = 8D57AF8E20E6084500CA3F5A /* StringTrimExtension.swift */; };
		8D57AFA520E608F700CA3F5A /* HXBHomeController.swift in Sources */ = {isa = PBXBuildFile; fileRef = 8D57AFA420E608F700CA3F5A /* HXBHomeController.swift */; };
		8D57AFA720E6090C00CA3F5A /* HXBInvestController.swift in Sources */ = {isa = PBXBuildFile; fileRef = 8D57AFA620E6090C00CA3F5A /* HXBInvestController.swift */; };
		8D57AFA920E6092200CA3F5A /* HXBMineController.swift in Sources */ = {isa = PBXBuildFile; fileRef = 8D57AFA820E6092200CA3F5A /* HXBMineController.swift */; };
		8D57AFAB20E60C3F00CA3F5A /* HXBRequestApi.swift in Sources */ = {isa = PBXBuildFile; fileRef = 8D57AFAA20E60C3F00CA3F5A /* HXBRequestApi.swift */; };
		8D57AFAD20E60C6C00CA3F5A /* HXBAPI.swift in Sources */ = {isa = PBXBuildFile; fileRef = 8D57AFAC20E60C6C00CA3F5A /* HXBAPI.swift */; };
		8D57AFAF20E60C7A00CA3F5A /* HXBNetworkManager.swift in Sources */ = {isa = PBXBuildFile; fileRef = 8D57AFAE20E60C7A00CA3F5A /* HXBNetworkManager.swift */; };
		8D57AFB120E60CB900CA3F5A /* HXBNetActivityManager.swift in Sources */ = {isa = PBXBuildFile; fileRef = 8D57AFB020E60CB900CA3F5A /* HXBNetActivityManager.swift */; };
		8D57AFB320E61FE100CA3F5A /* HXBString.swift in Sources */ = {isa = PBXBuildFile; fileRef = 8D57AFB220E61FE100CA3F5A /* HXBString.swift */; };
		8D57AFB520E61FEA00CA3F5A /* HXBColor.swift in Sources */ = {isa = PBXBuildFile; fileRef = 8D57AFB420E61FEA00CA3F5A /* HXBColor.swift */; };
		8D57AFB720E6201E00CA3F5A /* HXBLength.swift in Sources */ = {isa = PBXBuildFile; fileRef = 8D57AFB620E6201E00CA3F5A /* HXBLength.swift */; };
		8D57AFB920E6202800CA3F5A /* HXBFont.swift in Sources */ = {isa = PBXBuildFile; fileRef = 8D57AFB820E6202800CA3F5A /* HXBFont.swift */; };
		8D57AFBB20E6204100CA3F5A /* HXBConfig.swift in Sources */ = {isa = PBXBuildFile; fileRef = 8D57AFBA20E6204100CA3F5A /* HXBConfig.swift */; };
		8D57AFBD20E6204B00CA3F5A /* HXBNet.swift in Sources */ = {isa = PBXBuildFile; fileRef = 8D57AFBC20E6204B00CA3F5A /* HXBNet.swift */; };
		8D57AFBF20E626FC00CA3F5A /* HXBKeychain.swift in Sources */ = {isa = PBXBuildFile; fileRef = 8D57AFBE20E626FC00CA3F5A /* HXBKeychain.swift */; };
		8D57AFC120E6281800CA3F5A /* HXBError.swift in Sources */ = {isa = PBXBuildFile; fileRef = 8D57AFC020E6281800CA3F5A /* HXBError.swift */; };
		8D57AFC320E6282300CA3F5A /* HXBCode.swift in Sources */ = {isa = PBXBuildFile; fileRef = 8D57AFC220E6282300CA3F5A /* HXBCode.swift */; };
		8D57AFC720E62A6F00CA3F5A /* JSON+HXB.swift in Sources */ = {isa = PBXBuildFile; fileRef = 8D57AFC620E62A6F00CA3F5A /* JSON+HXB.swift */; };
		8D57AFC920E62EDB00CA3F5A /* HXBSignal.swift in Sources */ = {isa = PBXBuildFile; fileRef = 8D57AFC820E62EDB00CA3F5A /* HXBSignal.swift */; };
		8D57AFCB20E633DD00CA3F5A /* HXBHUD.swift in Sources */ = {isa = PBXBuildFile; fileRef = 8D57AFCA20E633DD00CA3F5A /* HXBHUD.swift */; };
		8D57AFCD20E6361300CA3F5A /* UIButton+HXB.swift in Sources */ = {isa = PBXBuildFile; fileRef = 8D57AFCC20E6361300CA3F5A /* UIButton+HXB.swift */; };
		8D57AFCF20E6361F00CA3F5A /* UIImageView+HXB.swift in Sources */ = {isa = PBXBuildFile; fileRef = 8D57AFCE20E6361F00CA3F5A /* UIImageView+HXB.swift */; };
		8D57AFD320E6362F00CA3F5A /* UIImage+HXB.swift in Sources */ = {isa = PBXBuildFile; fileRef = 8D57AFD220E6362F00CA3F5A /* UIImage+HXB.swift */; };
		8D57AFD520E6363600CA3F5A /* UILabel+HXB.swift in Sources */ = {isa = PBXBuildFile; fileRef = 8D57AFD420E6363600CA3F5A /* UILabel+HXB.swift */; };
		8D5EDF7120EDFC680036E156 /* HXBSegView.swift in Sources */ = {isa = PBXBuildFile; fileRef = 8D5EDF7020EDFC680036E156 /* HXBSegView.swift */; };
		8D5EDF7520EE1C230036E156 /* HXBPlanListController.swift in Sources */ = {isa = PBXBuildFile; fileRef = 8D5EDF7420EE1C230036E156 /* HXBPlanListController.swift */; };
		8D5EDF7720EE1C310036E156 /* HXBLoanListController.swift in Sources */ = {isa = PBXBuildFile; fileRef = 8D5EDF7620EE1C310036E156 /* HXBLoanListController.swift */; };
		8D5EDF7920EE1C6E0036E156 /* HXBTransferListController.swift in Sources */ = {isa = PBXBuildFile; fileRef = 8D5EDF7820EE1C6E0036E156 /* HXBTransferListController.swift */; };
		8D5EDF7B20EE2B320036E156 /* HXBTableView.swift in Sources */ = {isa = PBXBuildFile; fileRef = 8D5EDF7A20EE2B320036E156 /* HXBTableView.swift */; };
		8D5EDF7D20EF09170036E156 /* HXBPlanListViewModel.swift in Sources */ = {isa = PBXBuildFile; fileRef = 8D5EDF7C20EF09170036E156 /* HXBPlanListViewModel.swift */; };
		8D5EDF7F20EF092F0036E156 /* HXBLoanListViewModel.swift in Sources */ = {isa = PBXBuildFile; fileRef = 8D5EDF7E20EF092F0036E156 /* HXBLoanListViewModel.swift */; };
		8D5EDF8120EF093D0036E156 /* HXBTransferListViewModel.swift in Sources */ = {isa = PBXBuildFile; fileRef = 8D5EDF8020EF093D0036E156 /* HXBTransferListViewModel.swift */; };
		8D5EDF8D20EF4E390036E156 /* HXBReactiveProtocol.swift in Sources */ = {isa = PBXBuildFile; fileRef = 8D5EDF8C20EF4E390036E156 /* HXBReactiveProtocol.swift */; };
		8D5EDF8F20EF506F0036E156 /* HXBPlanListCell.swift in Sources */ = {isa = PBXBuildFile; fileRef = 8D5EDF8E20EF506F0036E156 /* HXBPlanListCell.swift */; };
		8D5EDF9120EF507C0036E156 /* HXBLoanListCell.swift in Sources */ = {isa = PBXBuildFile; fileRef = 8D5EDF9020EF507C0036E156 /* HXBLoanListCell.swift */; };
		8D5EDF9320EF508C0036E156 /* HXBTransferListCell.swift in Sources */ = {isa = PBXBuildFile; fileRef = 8D5EDF9220EF508C0036E156 /* HXBTransferListCell.swift */; };
		8D5EDF9520EF6B020036E156 /* HXBRefreshHeader.swift in Sources */ = {isa = PBXBuildFile; fileRef = 8D5EDF9420EF6B020036E156 /* HXBRefreshHeader.swift */; };
		8D60B47820F4A6A600287E52 /* HXBPlatListCellViewModel.swift in Sources */ = {isa = PBXBuildFile; fileRef = 8D60B47720F4A6A600287E52 /* HXBPlatListCellViewModel.swift */; };
		8D60B47A20F5CF8C00287E52 /* HXBHomeViewModel.swift in Sources */ = {isa = PBXBuildFile; fileRef = 8D60B47920F5CF8C00287E52 /* HXBHomeViewModel.swift */; };
		8D60B47C20F5D0B600287E52 /* HXBHomePlanCell.swift in Sources */ = {isa = PBXBuildFile; fileRef = 8D60B47B20F5D0B600287E52 /* HXBHomePlanCell.swift */; };
		8D60B47E20F5D0CE00287E52 /* HXBHomeNewPlanCell.swift in Sources */ = {isa = PBXBuildFile; fileRef = 8D60B47D20F5D0CE00287E52 /* HXBHomeNewPlanCell.swift */; };
		8D60B48420F5D5E500287E52 /* HXBPlanModel.swift in Sources */ = {isa = PBXBuildFile; fileRef = 8D60B48320F5D5E500287E52 /* HXBPlanModel.swift */; };
		8D60B48620F5D69D00287E52 /* HXBLoanModel.swift in Sources */ = {isa = PBXBuildFile; fileRef = 8D60B48520F5D69D00287E52 /* HXBLoanModel.swift */; };
		8D60B48820F5D6BC00287E52 /* HXBTransferModel.swift in Sources */ = {isa = PBXBuildFile; fileRef = 8D60B48720F5D6BC00287E52 /* HXBTransferModel.swift */; };
		8D60B48A20F5DC1F00287E52 /* HXBHomePlanCellViewModel.swift in Sources */ = {isa = PBXBuildFile; fileRef = 8D60B48920F5DC1F00287E52 /* HXBHomePlanCellViewModel.swift */; };
		8D7F47F320EF7EDD00F22312 /* HXBRefreshFooter.swift in Sources */ = {isa = PBXBuildFile; fileRef = 8D7F47F220EF7EDD00F22312 /* HXBRefreshFooter.swift */; };
/* End PBXBuildFile section */

/* Begin PBXFileReference section */
		04B33EFEC459D36B73168500 /* Pods-HXB.release.xcconfig */ = {isa = PBXFileReference; includeInIndex = 1; lastKnownFileType = text.xcconfig; name = "Pods-HXB.release.xcconfig"; path = "Pods/Target Support Files/Pods-HXB/Pods-HXB.release.xcconfig"; sourceTree = "<group>"; };
		8D39140720E640AE0005AF9E /* HXBMineViewModel.swift */ = {isa = PBXFileReference; lastKnownFileType = sourcecode.swift; path = HXBMineViewModel.swift; sourceTree = "<group>"; };
		8D39140920E6437F0005AF9E /* ReactiveSwift.framework */ = {isa = PBXFileReference; explicitFileType = wrapper.framework; path = ReactiveSwift.framework; sourceTree = BUILT_PRODUCTS_DIR; };
		8D39140B20E643840005AF9E /* Result.framework */ = {isa = PBXFileReference; explicitFileType = wrapper.framework; path = Result.framework; sourceTree = BUILT_PRODUCTS_DIR; };
		8D57AF5920E5CA2900CA3F5A /* HXB.app */ = {isa = PBXFileReference; explicitFileType = wrapper.application; includeInIndex = 0; path = HXB.app; sourceTree = BUILT_PRODUCTS_DIR; };
		8D57AF5C20E5CA2900CA3F5A /* AppDelegate.swift */ = {isa = PBXFileReference; lastKnownFileType = sourcecode.swift; path = AppDelegate.swift; sourceTree = "<group>"; };
		8D57AF6320E5CA2B00CA3F5A /* Assets.xcassets */ = {isa = PBXFileReference; lastKnownFileType = folder.assetcatalog; path = Assets.xcassets; sourceTree = "<group>"; };
		8D57AF6820E5CA2B00CA3F5A /* Info.plist */ = {isa = PBXFileReference; lastKnownFileType = text.plist.xml; path = Info.plist; sourceTree = "<group>"; };
		8D57AF7B20E6073A00CA3F5A /* HXBViewController.swift */ = {isa = PBXFileReference; lastKnownFileType = sourcecode.swift; path = HXBViewController.swift; sourceTree = "<group>"; };
		8D57AF7D20E6075200CA3F5A /* HXBTabBarController.swift */ = {isa = PBXFileReference; lastKnownFileType = sourcecode.swift; path = HXBTabBarController.swift; sourceTree = "<group>"; };
		8D57AF7F20E6076F00CA3F5A /* HXBNavigationController.swift */ = {isa = PBXFileReference; lastKnownFileType = sourcecode.swift; path = HXBNavigationController.swift; sourceTree = "<group>"; };
		8D57AF8120E6078100CA3F5A /* HXBModel.swift */ = {isa = PBXFileReference; lastKnownFileType = sourcecode.swift; path = HXBModel.swift; sourceTree = "<group>"; };
		8D57AF8320E6079300CA3F5A /* HXBViewModel.swift */ = {isa = PBXFileReference; lastKnownFileType = sourcecode.swift; path = HXBViewModel.swift; sourceTree = "<group>"; };
		8D57AF8720E607EC00CA3F5A /* HXBShakeConfigUrlView.swift */ = {isa = PBXFileReference; lastKnownFileType = sourcecode.swift; path = HXBShakeConfigUrlView.swift; sourceTree = "<group>"; };
		8D57AF8A20E6084500CA3F5A /* ActiveBuilder.swift */ = {isa = PBXFileReference; fileEncoding = 4; lastKnownFileType = sourcecode.swift; path = ActiveBuilder.swift; sourceTree = "<group>"; };
		8D57AF8B20E6084500CA3F5A /* ActiveLabel.swift */ = {isa = PBXFileReference; fileEncoding = 4; lastKnownFileType = sourcecode.swift; path = ActiveLabel.swift; sourceTree = "<group>"; };
		8D57AF8C20E6084500CA3F5A /* ActiveType.swift */ = {isa = PBXFileReference; fileEncoding = 4; lastKnownFileType = sourcecode.swift; path = ActiveType.swift; sourceTree = "<group>"; };
		8D57AF8D20E6084500CA3F5A /* RegexParser.swift */ = {isa = PBXFileReference; fileEncoding = 4; lastKnownFileType = sourcecode.swift; path = RegexParser.swift; sourceTree = "<group>"; };
		8D57AF8E20E6084500CA3F5A /* StringTrimExtension.swift */ = {isa = PBXFileReference; fileEncoding = 4; lastKnownFileType = sourcecode.swift; path = StringTrimExtension.swift; sourceTree = "<group>"; };
		8D57AFA420E608F700CA3F5A /* HXBHomeController.swift */ = {isa = PBXFileReference; lastKnownFileType = sourcecode.swift; path = HXBHomeController.swift; sourceTree = "<group>"; };
		8D57AFA620E6090C00CA3F5A /* HXBInvestController.swift */ = {isa = PBXFileReference; lastKnownFileType = sourcecode.swift; path = HXBInvestController.swift; sourceTree = "<group>"; };
		8D57AFA820E6092200CA3F5A /* HXBMineController.swift */ = {isa = PBXFileReference; lastKnownFileType = sourcecode.swift; path = HXBMineController.swift; sourceTree = "<group>"; };
		8D57AFAA20E60C3F00CA3F5A /* HXBRequestApi.swift */ = {isa = PBXFileReference; lastKnownFileType = sourcecode.swift; path = HXBRequestApi.swift; sourceTree = "<group>"; };
		8D57AFAC20E60C6C00CA3F5A /* HXBAPI.swift */ = {isa = PBXFileReference; lastKnownFileType = sourcecode.swift; path = HXBAPI.swift; sourceTree = "<group>"; };
		8D57AFAE20E60C7A00CA3F5A /* HXBNetworkManager.swift */ = {isa = PBXFileReference; lastKnownFileType = sourcecode.swift; path = HXBNetworkManager.swift; sourceTree = "<group>"; };
		8D57AFB020E60CB900CA3F5A /* HXBNetActivityManager.swift */ = {isa = PBXFileReference; lastKnownFileType = sourcecode.swift; path = HXBNetActivityManager.swift; sourceTree = "<group>"; };
		8D57AFB220E61FE100CA3F5A /* HXBString.swift */ = {isa = PBXFileReference; lastKnownFileType = sourcecode.swift; path = HXBString.swift; sourceTree = "<group>"; };
		8D57AFB420E61FEA00CA3F5A /* HXBColor.swift */ = {isa = PBXFileReference; lastKnownFileType = sourcecode.swift; path = HXBColor.swift; sourceTree = "<group>"; };
		8D57AFB620E6201E00CA3F5A /* HXBLength.swift */ = {isa = PBXFileReference; lastKnownFileType = sourcecode.swift; path = HXBLength.swift; sourceTree = "<group>"; };
		8D57AFB820E6202800CA3F5A /* HXBFont.swift */ = {isa = PBXFileReference; lastKnownFileType = sourcecode.swift; path = HXBFont.swift; sourceTree = "<group>"; };
		8D57AFBA20E6204100CA3F5A /* HXBConfig.swift */ = {isa = PBXFileReference; lastKnownFileType = sourcecode.swift; path = HXBConfig.swift; sourceTree = "<group>"; };
		8D57AFBC20E6204B00CA3F5A /* HXBNet.swift */ = {isa = PBXFileReference; lastKnownFileType = sourcecode.swift; path = HXBNet.swift; sourceTree = "<group>"; };
		8D57AFBE20E626FC00CA3F5A /* HXBKeychain.swift */ = {isa = PBXFileReference; lastKnownFileType = sourcecode.swift; path = HXBKeychain.swift; sourceTree = "<group>"; };
		8D57AFC020E6281800CA3F5A /* HXBError.swift */ = {isa = PBXFileReference; lastKnownFileType = sourcecode.swift; path = HXBError.swift; sourceTree = "<group>"; };
		8D57AFC220E6282300CA3F5A /* HXBCode.swift */ = {isa = PBXFileReference; lastKnownFileType = sourcecode.swift; path = HXBCode.swift; sourceTree = "<group>"; };
		8D57AFC620E62A6F00CA3F5A /* JSON+HXB.swift */ = {isa = PBXFileReference; lastKnownFileType = sourcecode.swift; path = "JSON+HXB.swift"; sourceTree = "<group>"; };
		8D57AFC820E62EDB00CA3F5A /* HXBSignal.swift */ = {isa = PBXFileReference; lastKnownFileType = sourcecode.swift; path = HXBSignal.swift; sourceTree = "<group>"; };
		8D57AFCA20E633DD00CA3F5A /* HXBHUD.swift */ = {isa = PBXFileReference; lastKnownFileType = sourcecode.swift; path = HXBHUD.swift; sourceTree = "<group>"; };
		8D57AFCC20E6361300CA3F5A /* UIButton+HXB.swift */ = {isa = PBXFileReference; lastKnownFileType = sourcecode.swift; path = "UIButton+HXB.swift"; sourceTree = "<group>"; };
		8D57AFCE20E6361F00CA3F5A /* UIImageView+HXB.swift */ = {isa = PBXFileReference; lastKnownFileType = sourcecode.swift; path = "UIImageView+HXB.swift"; sourceTree = "<group>"; };
		8D57AFD220E6362F00CA3F5A /* UIImage+HXB.swift */ = {isa = PBXFileReference; lastKnownFileType = sourcecode.swift; path = "UIImage+HXB.swift"; sourceTree = "<group>"; };
		8D57AFD420E6363600CA3F5A /* UILabel+HXB.swift */ = {isa = PBXFileReference; lastKnownFileType = sourcecode.swift; path = "UILabel+HXB.swift"; sourceTree = "<group>"; };
		8D5EDF7020EDFC680036E156 /* HXBSegView.swift */ = {isa = PBXFileReference; lastKnownFileType = sourcecode.swift; path = HXBSegView.swift; sourceTree = "<group>"; };
		8D5EDF7420EE1C230036E156 /* HXBPlanListController.swift */ = {isa = PBXFileReference; lastKnownFileType = sourcecode.swift; path = HXBPlanListController.swift; sourceTree = "<group>"; };
		8D5EDF7620EE1C310036E156 /* HXBLoanListController.swift */ = {isa = PBXFileReference; lastKnownFileType = sourcecode.swift; path = HXBLoanListController.swift; sourceTree = "<group>"; };
		8D5EDF7820EE1C6E0036E156 /* HXBTransferListController.swift */ = {isa = PBXFileReference; lastKnownFileType = sourcecode.swift; path = HXBTransferListController.swift; sourceTree = "<group>"; };
		8D5EDF7A20EE2B320036E156 /* HXBTableView.swift */ = {isa = PBXFileReference; lastKnownFileType = sourcecode.swift; path = HXBTableView.swift; sourceTree = "<group>"; };
		8D5EDF7C20EF09170036E156 /* HXBPlanListViewModel.swift */ = {isa = PBXFileReference; lastKnownFileType = sourcecode.swift; path = HXBPlanListViewModel.swift; sourceTree = "<group>"; };
		8D5EDF7E20EF092F0036E156 /* HXBLoanListViewModel.swift */ = {isa = PBXFileReference; lastKnownFileType = sourcecode.swift; path = HXBLoanListViewModel.swift; sourceTree = "<group>"; };
		8D5EDF8020EF093D0036E156 /* HXBTransferListViewModel.swift */ = {isa = PBXFileReference; lastKnownFileType = sourcecode.swift; path = HXBTransferListViewModel.swift; sourceTree = "<group>"; };
		8D5EDF8C20EF4E390036E156 /* HXBReactiveProtocol.swift */ = {isa = PBXFileReference; lastKnownFileType = sourcecode.swift; path = HXBReactiveProtocol.swift; sourceTree = "<group>"; };
		8D5EDF8E20EF506F0036E156 /* HXBPlanListCell.swift */ = {isa = PBXFileReference; lastKnownFileType = sourcecode.swift; path = HXBPlanListCell.swift; sourceTree = "<group>"; };
		8D5EDF9020EF507C0036E156 /* HXBLoanListCell.swift */ = {isa = PBXFileReference; lastKnownFileType = sourcecode.swift; path = HXBLoanListCell.swift; sourceTree = "<group>"; };
		8D5EDF9220EF508C0036E156 /* HXBTransferListCell.swift */ = {isa = PBXFileReference; lastKnownFileType = sourcecode.swift; path = HXBTransferListCell.swift; sourceTree = "<group>"; };
		8D5EDF9420EF6B020036E156 /* HXBRefreshHeader.swift */ = {isa = PBXFileReference; lastKnownFileType = sourcecode.swift; path = HXBRefreshHeader.swift; sourceTree = "<group>"; };
		8D60B47720F4A6A600287E52 /* HXBPlatListCellViewModel.swift */ = {isa = PBXFileReference; lastKnownFileType = sourcecode.swift; path = HXBPlatListCellViewModel.swift; sourceTree = "<group>"; };
		8D60B47920F5CF8C00287E52 /* HXBHomeViewModel.swift */ = {isa = PBXFileReference; lastKnownFileType = sourcecode.swift; path = HXBHomeViewModel.swift; sourceTree = "<group>"; };
		8D60B47B20F5D0B600287E52 /* HXBHomePlanCell.swift */ = {isa = PBXFileReference; lastKnownFileType = sourcecode.swift; path = HXBHomePlanCell.swift; sourceTree = "<group>"; };
		8D60B47D20F5D0CE00287E52 /* HXBHomeNewPlanCell.swift */ = {isa = PBXFileReference; lastKnownFileType = sourcecode.swift; path = HXBHomeNewPlanCell.swift; sourceTree = "<group>"; };
		8D60B48320F5D5E500287E52 /* HXBPlanModel.swift */ = {isa = PBXFileReference; lastKnownFileType = sourcecode.swift; path = HXBPlanModel.swift; sourceTree = "<group>"; };
		8D60B48520F5D69D00287E52 /* HXBLoanModel.swift */ = {isa = PBXFileReference; lastKnownFileType = sourcecode.swift; path = HXBLoanModel.swift; sourceTree = "<group>"; };
		8D60B48720F5D6BC00287E52 /* HXBTransferModel.swift */ = {isa = PBXFileReference; lastKnownFileType = sourcecode.swift; path = HXBTransferModel.swift; sourceTree = "<group>"; };
		8D60B48920F5DC1F00287E52 /* HXBHomePlanCellViewModel.swift */ = {isa = PBXFileReference; lastKnownFileType = sourcecode.swift; path = HXBHomePlanCellViewModel.swift; sourceTree = "<group>"; };
		8D7F47F220EF7EDD00F22312 /* HXBRefreshFooter.swift */ = {isa = PBXFileReference; lastKnownFileType = sourcecode.swift; path = HXBRefreshFooter.swift; sourceTree = "<group>"; };
		D700915060D738EFF63636CD /* Pods-HXB.debug.xcconfig */ = {isa = PBXFileReference; includeInIndex = 1; lastKnownFileType = text.xcconfig; name = "Pods-HXB.debug.xcconfig"; path = "Pods/Target Support Files/Pods-HXB/Pods-HXB.debug.xcconfig"; sourceTree = "<group>"; };
		FE6381BBAB3DDF96B52EBF4D /* Pods_HXB.framework */ = {isa = PBXFileReference; explicitFileType = wrapper.framework; includeInIndex = 0; path = Pods_HXB.framework; sourceTree = BUILT_PRODUCTS_DIR; };
/* End PBXFileReference section */

/* Begin PBXFrameworksBuildPhase section */
		8D57AF5620E5CA2900CA3F5A /* Frameworks */ = {
			isa = PBXFrameworksBuildPhase;
			buildActionMask = 2147483647;
			files = (
				37E15F76F0FC7256DA075C11 /* Pods_HXB.framework in Frameworks */,
			);
			runOnlyForDeploymentPostprocessing = 0;
		};
/* End PBXFrameworksBuildPhase section */

/* Begin PBXGroup section */
		29170E650E634D61720DB01B /* Frameworks */ = {
			isa = PBXGroup;
			children = (
				8D39140B20E643840005AF9E /* Result.framework */,
				8D39140920E6437F0005AF9E /* ReactiveSwift.framework */,
				FE6381BBAB3DDF96B52EBF4D /* Pods_HXB.framework */,
			);
			name = Frameworks;
			sourceTree = "<group>";
		};
		491BAAF334DEE4F5405B7318 /* Pods */ = {
			isa = PBXGroup;
			children = (
				D700915060D738EFF63636CD /* Pods-HXB.debug.xcconfig */,
				04B33EFEC459D36B73168500 /* Pods-HXB.release.xcconfig */,
			);
			name = Pods;
			sourceTree = "<group>";
		};
		8D57AF5020E5CA2900CA3F5A = {
			isa = PBXGroup;
			children = (
				8D57AF5B20E5CA2900CA3F5A /* HXB */,
				8D57AF5A20E5CA2900CA3F5A /* Products */,
				491BAAF334DEE4F5405B7318 /* Pods */,
				29170E650E634D61720DB01B /* Frameworks */,
			);
			sourceTree = "<group>";
		};
		8D57AF5A20E5CA2900CA3F5A /* Products */ = {
			isa = PBXGroup;
			children = (
				8D57AF5920E5CA2900CA3F5A /* HXB.app */,
			);
			name = Products;
			sourceTree = "<group>";
		};
		8D57AF5B20E5CA2900CA3F5A /* HXB */ = {
			isa = PBXGroup;
			children = (
				8D57AF6F20E6066C00CA3F5A /* Classes */,
				8D57AF5C20E5CA2900CA3F5A /* AppDelegate.swift */,
				8D57AF6320E5CA2B00CA3F5A /* Assets.xcassets */,
				8D57AF6820E5CA2B00CA3F5A /* Info.plist */,
			);
			path = HXB;
			sourceTree = "<group>";
		};
		8D57AF6F20E6066C00CA3F5A /* Classes */ = {
			isa = PBXGroup;
			children = (
				8D57AF7620E6066C00CA3F5A /* Main */,
				8D57AF7020E6066C00CA3F5A /* Basics */,
				8D57AF7720E6066C00CA3F5A /* Network */,
				8D57AF7520E6066C00CA3F5A /* Config */,
				8D57AF7920E6066C00CA3F5A /* Util */,
				8D57AF7820E6066C00CA3F5A /* Other */,
				8D57AF7A20E6066C00CA3F5A /* Vender */,
			);
			path = Classes;
			sourceTree = "<group>";
		};
		8D57AF7020E6066C00CA3F5A /* Basics */ = {
			isa = PBXGroup;
			children = (
				8D57AF7120E6066C00CA3F5A /* Controller */,
				8D57AF7220E6066C00CA3F5A /* Model */,
				8D57AF7320E6066C00CA3F5A /* View */,
				8D57AF7420E6066C00CA3F5A /* ViewModel */,
			);
			path = Basics;
			sourceTree = "<group>";
		};
		8D57AF7120E6066C00CA3F5A /* Controller */ = {
			isa = PBXGroup;
			children = (
				8D57AF7B20E6073A00CA3F5A /* HXBViewController.swift */,
				8D57AF7D20E6075200CA3F5A /* HXBTabBarController.swift */,
				8D57AF7F20E6076F00CA3F5A /* HXBNavigationController.swift */,
			);
			path = Controller;
			sourceTree = "<group>";
		};
		8D57AF7220E6066C00CA3F5A /* Model */ = {
			isa = PBXGroup;
			children = (
				8D57AF8120E6078100CA3F5A /* HXBModel.swift */,
			);
			path = Model;
			sourceTree = "<group>";
		};
		8D57AF7320E6066C00CA3F5A /* View */ = {
			isa = PBXGroup;
			children = (
				8D5EDF7020EDFC680036E156 /* HXBSegView.swift */,
				8D5EDF7A20EE2B320036E156 /* HXBTableView.swift */,
				8D5EDF9420EF6B020036E156 /* HXBRefreshHeader.swift */,
				8D7F47F220EF7EDD00F22312 /* HXBRefreshFooter.swift */,
			);
			path = View;
			sourceTree = "<group>";
		};
		8D57AF7420E6066C00CA3F5A /* ViewModel */ = {
			isa = PBXGroup;
			children = (
				8D57AF8320E6079300CA3F5A /* HXBViewModel.swift */,
			);
			path = ViewModel;
			sourceTree = "<group>";
		};
		8D57AF7520E6066C00CA3F5A /* Config */ = {
			isa = PBXGroup;
			children = (
				8D57AFAC20E60C6C00CA3F5A /* HXBAPI.swift */,
				8D57AFBC20E6204B00CA3F5A /* HXBNet.swift */,
				8D57AFB220E61FE100CA3F5A /* HXBString.swift */,
				8D57AFB420E61FEA00CA3F5A /* HXBColor.swift */,
				8D57AFB620E6201E00CA3F5A /* HXBLength.swift */,
				8D57AFB820E6202800CA3F5A /* HXBFont.swift */,
				8D57AFBA20E6204100CA3F5A /* HXBConfig.swift */,
				8D57AFC020E6281800CA3F5A /* HXBError.swift */,
				8D57AFC220E6282300CA3F5A /* HXBCode.swift */,
			);
			path = Config;
			sourceTree = "<group>";
		};
		8D57AF7620E6066C00CA3F5A /* Main */ = {
			isa = PBXGroup;
			children = (
				8D57AF9A20E608D700CA3F5A /* Home */,
				8D57AF9F20E608D800CA3F5A /* Invest */,
				8D57AF9520E608D700CA3F5A /* Mine */,
			);
			path = Main;
			sourceTree = "<group>";
		};
		8D57AF7720E6066C00CA3F5A /* Network */ = {
			isa = PBXGroup;
			children = (
				8D57AFAA20E60C3F00CA3F5A /* HXBRequestApi.swift */,
				8D57AFAE20E60C7A00CA3F5A /* HXBNetworkManager.swift */,
				8D57AFB020E60CB900CA3F5A /* HXBNetActivityManager.swift */,
			);
			path = Network;
			sourceTree = "<group>";
		};
		8D57AF7820E6066C00CA3F5A /* Other */ = {
			isa = PBXGroup;
			children = (
				8D57AF8720E607EC00CA3F5A /* HXBShakeConfigUrlView.swift */,
				8D5EDF8C20EF4E390036E156 /* HXBReactiveProtocol.swift */,
			);
			path = Other;
			sourceTree = "<group>";
		};
		8D57AF7920E6066C00CA3F5A /* Util */ = {
			isa = PBXGroup;
			children = (
				8D57AFBE20E626FC00CA3F5A /* HXBKeychain.swift */,
				8D57AFC620E62A6F00CA3F5A /* JSON+HXB.swift */,
				8D57AFC820E62EDB00CA3F5A /* HXBSignal.swift */,
				8D57AFCA20E633DD00CA3F5A /* HXBHUD.swift */,
				8D57AFCC20E6361300CA3F5A /* UIButton+HXB.swift */,
				8D57AFCE20E6361F00CA3F5A /* UIImageView+HXB.swift */,
				8D57AFD220E6362F00CA3F5A /* UIImage+HXB.swift */,
				8D57AFD420E6363600CA3F5A /* UILabel+HXB.swift */,
			);
			path = Util;
			sourceTree = "<group>";
		};
		8D57AF7A20E6066C00CA3F5A /* Vender */ = {
			isa = PBXGroup;
			children = (
				8D57AF8920E6084500CA3F5A /* ActiveLabel */,
			);
			path = Vender;
			sourceTree = "<group>";
		};
		8D57AF8920E6084500CA3F5A /* ActiveLabel */ = {
			isa = PBXGroup;
			children = (
				8D57AF8A20E6084500CA3F5A /* ActiveBuilder.swift */,
				8D57AF8B20E6084500CA3F5A /* ActiveLabel.swift */,
				8D57AF8C20E6084500CA3F5A /* ActiveType.swift */,
				8D57AF8D20E6084500CA3F5A /* RegexParser.swift */,
				8D57AF8E20E6084500CA3F5A /* StringTrimExtension.swift */,
			);
			path = ActiveLabel;
			sourceTree = "<group>";
		};
		8D57AF9520E608D700CA3F5A /* Mine */ = {
			isa = PBXGroup;
			children = (
				8D57AF9620E608D700CA3F5A /* Controller */,
				8D57AF9720E608D700CA3F5A /* Model */,
				8D57AF9820E608D700CA3F5A /* View */,
				8D57AF9920E608D700CA3F5A /* ViewModel */,
			);
			path = Mine;
			sourceTree = "<group>";
		};
		8D57AF9620E608D700CA3F5A /* Controller */ = {
			isa = PBXGroup;
			children = (
				8D57AFA820E6092200CA3F5A /* HXBMineController.swift */,
			);
			path = Controller;
			sourceTree = "<group>";
		};
		8D57AF9720E608D700CA3F5A /* Model */ = {
			isa = PBXGroup;
			children = (
			);
			path = Model;
			sourceTree = "<group>";
		};
		8D57AF9820E608D700CA3F5A /* View */ = {
			isa = PBXGroup;
			children = (
			);
			path = View;
			sourceTree = "<group>";
		};
		8D57AF9920E608D700CA3F5A /* ViewModel */ = {
			isa = PBXGroup;
			children = (
				8D39140720E640AE0005AF9E /* HXBMineViewModel.swift */,
			);
			path = ViewModel;
			sourceTree = "<group>";
		};
		8D57AF9A20E608D700CA3F5A /* Home */ = {
			isa = PBXGroup;
			children = (
				8D57AF9B20E608D700CA3F5A /* Controller */,
				8D57AF9C20E608D700CA3F5A /* Model */,
				8D57AF9D20E608D700CA3F5A /* View */,
				8D57AF9E20E608D700CA3F5A /* ViewModel */,
			);
			path = Home;
			sourceTree = "<group>";
		};
		8D57AF9B20E608D700CA3F5A /* Controller */ = {
			isa = PBXGroup;
			children = (
				8D57AFA420E608F700CA3F5A /* HXBHomeController.swift */,
			);
			path = Controller;
			sourceTree = "<group>";
		};
		8D57AF9C20E608D700CA3F5A /* Model */ = {
			isa = PBXGroup;
			children = (
			);
			path = Model;
			sourceTree = "<group>";
		};
		8D57AF9D20E608D700CA3F5A /* View */ = {
			isa = PBXGroup;
			children = (
				8D60B47B20F5D0B600287E52 /* HXBHomePlanCell.swift */,
				8D60B47D20F5D0CE00287E52 /* HXBHomeNewPlanCell.swift */,
			);
			path = View;
			sourceTree = "<group>";
		};
		8D57AF9E20E608D700CA3F5A /* ViewModel */ = {
			isa = PBXGroup;
			children = (
				8D60B47920F5CF8C00287E52 /* HXBHomeViewModel.swift */,
				8D60B48920F5DC1F00287E52 /* HXBHomePlanCellViewModel.swift */,
			);
			path = ViewModel;
			sourceTree = "<group>";
		};
		8D57AF9F20E608D800CA3F5A /* Invest */ = {
			isa = PBXGroup;
			children = (
				8D57AFA020E608D800CA3F5A /* Controller */,
				8D57AFA120E608D800CA3F5A /* Model */,
				8D57AFA220E608D800CA3F5A /* View */,
				8D57AFA320E608D800CA3F5A /* ViewModel */,
			);
			path = Invest;
			sourceTree = "<group>";
		};
		8D57AFA020E608D800CA3F5A /* Controller */ = {
			isa = PBXGroup;
			children = (
				8D57AFA620E6090C00CA3F5A /* HXBInvestController.swift */,
				8D5EDF7420EE1C230036E156 /* HXBPlanListController.swift */,
				8D5EDF7620EE1C310036E156 /* HXBLoanListController.swift */,
				8D5EDF7820EE1C6E0036E156 /* HXBTransferListController.swift */,
			);
			path = Controller;
			sourceTree = "<group>";
		};
		8D57AFA120E608D800CA3F5A /* Model */ = {
			isa = PBXGroup;
			children = (
				8D60B48320F5D5E500287E52 /* HXBPlanModel.swift */,
				8D60B48520F5D69D00287E52 /* HXBLoanModel.swift */,
				8D60B48720F5D6BC00287E52 /* HXBTransferModel.swift */,
			);
			path = Model;
			sourceTree = "<group>";
		};
		8D57AFA220E608D800CA3F5A /* View */ = {
			isa = PBXGroup;
			children = (
				8D5EDF8E20EF506F0036E156 /* HXBPlanListCell.swift */,
				8D5EDF9020EF507C0036E156 /* HXBLoanListCell.swift */,
				8D5EDF9220EF508C0036E156 /* HXBTransferListCell.swift */,
			);
			path = View;
			sourceTree = "<group>";
		};
		8D57AFA320E608D800CA3F5A /* ViewModel */ = {
			isa = PBXGroup;
			children = (
				8D5EDF7C20EF09170036E156 /* HXBPlanListViewModel.swift */,
				8D5EDF7E20EF092F0036E156 /* HXBLoanListViewModel.swift */,
				8D5EDF8020EF093D0036E156 /* HXBTransferListViewModel.swift */,
				8D60B47720F4A6A600287E52 /* HXBPlatListCellViewModel.swift */,
			);
			path = ViewModel;
			sourceTree = "<group>";
		};
/* End PBXGroup section */

/* Begin PBXNativeTarget section */
		8D57AF5820E5CA2900CA3F5A /* HXB */ = {
			isa = PBXNativeTarget;
			buildConfigurationList = 8D57AF6B20E5CA2B00CA3F5A /* Build configuration list for PBXNativeTarget "HXB" */;
			buildPhases = (
				FADB813C27524EFE3669F697 /* [CP] Check Pods Manifest.lock */,
				8D57AF5520E5CA2900CA3F5A /* Sources */,
				8D57AF5620E5CA2900CA3F5A /* Frameworks */,
				8D57AF5720E5CA2900CA3F5A /* Resources */,
				138F03BE6FBD544D74077EE0 /* [CP] Embed Pods Frameworks */,
			);
			buildRules = (
			);
			dependencies = (
			);
			name = HXB;
			productName = HXB;
			productReference = 8D57AF5920E5CA2900CA3F5A /* HXB.app */;
			productType = "com.apple.product-type.application";
		};
/* End PBXNativeTarget section */

/* Begin PBXProject section */
		8D57AF5120E5CA2900CA3F5A /* Project object */ = {
			isa = PBXProject;
			attributes = {
				LastSwiftUpdateCheck = 0940;
				LastUpgradeCheck = 0940;
				ORGANIZATIONNAME = lixiangzhou;
				TargetAttributes = {
					8D57AF5820E5CA2900CA3F5A = {
						CreatedOnToolsVersion = 9.4;
					};
				};
			};
			buildConfigurationList = 8D57AF5420E5CA2900CA3F5A /* Build configuration list for PBXProject "HXB" */;
			compatibilityVersion = "Xcode 9.3";
			developmentRegion = en;
			hasScannedForEncodings = 0;
			knownRegions = (
				en,
				Base,
			);
			mainGroup = 8D57AF5020E5CA2900CA3F5A;
			productRefGroup = 8D57AF5A20E5CA2900CA3F5A /* Products */;
			projectDirPath = "";
			projectRoot = "";
			targets = (
				8D57AF5820E5CA2900CA3F5A /* HXB */,
			);
		};
/* End PBXProject section */

/* Begin PBXResourcesBuildPhase section */
		8D57AF5720E5CA2900CA3F5A /* Resources */ = {
			isa = PBXResourcesBuildPhase;
			buildActionMask = 2147483647;
			files = (
				8D57AF6420E5CA2B00CA3F5A /* Assets.xcassets in Resources */,
			);
			runOnlyForDeploymentPostprocessing = 0;
		};
/* End PBXResourcesBuildPhase section */

/* Begin PBXShellScriptBuildPhase section */
		138F03BE6FBD544D74077EE0 /* [CP] Embed Pods Frameworks */ = {
			isa = PBXShellScriptBuildPhase;
			buildActionMask = 2147483647;
			files = (
			);
			inputPaths = (
				"${SRCROOT}/Pods/Target Support Files/Pods-HXB/Pods-HXB-frameworks.sh",
				"${BUILT_PRODUCTS_DIR}/Alamofire/Alamofire.framework",
				"${BUILT_PRODUCTS_DIR}/HandyJSON/HandyJSON.framework",
				"${BUILT_PRODUCTS_DIR}/IQKeyboardManagerSwift/IQKeyboardManagerSwift.framework",
				"${BUILT_PRODUCTS_DIR}/KeychainAccess/KeychainAccess.framework",
				"${BUILT_PRODUCTS_DIR}/Kingfisher/Kingfisher.framework",
				"${BUILT_PRODUCTS_DIR}/Neon/Neon.framework",
				"${BUILT_PRODUCTS_DIR}/ReactiveCocoa/ReactiveCocoa.framework",
				"${BUILT_PRODUCTS_DIR}/ReactiveSwift/ReactiveSwift.framework",
				"${BUILT_PRODUCTS_DIR}/Result/Result.framework",
				"${BUILT_PRODUCTS_DIR}/SnapKit/SnapKit.framework",
				"${BUILT_PRODUCTS_DIR}/SwiftyBeaver/SwiftyBeaver.framework",
				"${BUILT_PRODUCTS_DIR}/SwiftyJSON/SwiftyJSON.framework",
				"${BUILT_PRODUCTS_DIR}/WKWebViewJavascriptBridge/WKWebViewJavascriptBridge.framework",
				"${BUILT_PRODUCTS_DIR}/XZLib/XZLib.framework",
			);
			name = "[CP] Embed Pods Frameworks";
			outputPaths = (
				"${TARGET_BUILD_DIR}/${FRAMEWORKS_FOLDER_PATH}/Alamofire.framework",
				"${TARGET_BUILD_DIR}/${FRAMEWORKS_FOLDER_PATH}/HandyJSON.framework",
				"${TARGET_BUILD_DIR}/${FRAMEWORKS_FOLDER_PATH}/IQKeyboardManagerSwift.framework",
				"${TARGET_BUILD_DIR}/${FRAMEWORKS_FOLDER_PATH}/KeychainAccess.framework",
				"${TARGET_BUILD_DIR}/${FRAMEWORKS_FOLDER_PATH}/Kingfisher.framework",
				"${TARGET_BUILD_DIR}/${FRAMEWORKS_FOLDER_PATH}/Neon.framework",
				"${TARGET_BUILD_DIR}/${FRAMEWORKS_FOLDER_PATH}/ReactiveCocoa.framework",
				"${TARGET_BUILD_DIR}/${FRAMEWORKS_FOLDER_PATH}/ReactiveSwift.framework",
				"${TARGET_BUILD_DIR}/${FRAMEWORKS_FOLDER_PATH}/Result.framework",
				"${TARGET_BUILD_DIR}/${FRAMEWORKS_FOLDER_PATH}/SnapKit.framework",
				"${TARGET_BUILD_DIR}/${FRAMEWORKS_FOLDER_PATH}/SwiftyBeaver.framework",
				"${TARGET_BUILD_DIR}/${FRAMEWORKS_FOLDER_PATH}/SwiftyJSON.framework",
				"${TARGET_BUILD_DIR}/${FRAMEWORKS_FOLDER_PATH}/WKWebViewJavascriptBridge.framework",
				"${TARGET_BUILD_DIR}/${FRAMEWORKS_FOLDER_PATH}/XZLib.framework",
			);
			runOnlyForDeploymentPostprocessing = 0;
			shellPath = /bin/sh;
			shellScript = "\"${SRCROOT}/Pods/Target Support Files/Pods-HXB/Pods-HXB-frameworks.sh\"\n";
			showEnvVarsInLog = 0;
		};
		FADB813C27524EFE3669F697 /* [CP] Check Pods Manifest.lock */ = {
			isa = PBXShellScriptBuildPhase;
			buildActionMask = 2147483647;
			files = (
			);
			inputPaths = (
				"${PODS_PODFILE_DIR_PATH}/Podfile.lock",
				"${PODS_ROOT}/Manifest.lock",
			);
			name = "[CP] Check Pods Manifest.lock";
			outputPaths = (
				"$(DERIVED_FILE_DIR)/Pods-HXB-checkManifestLockResult.txt",
			);
			runOnlyForDeploymentPostprocessing = 0;
			shellPath = /bin/sh;
			shellScript = "diff \"${PODS_PODFILE_DIR_PATH}/Podfile.lock\" \"${PODS_ROOT}/Manifest.lock\" > /dev/null\nif [ $? != 0 ] ; then\n    # print error to STDERR\n    echo \"error: The sandbox is not in sync with the Podfile.lock. Run 'pod install' or update your CocoaPods installation.\" >&2\n    exit 1\nfi\n# This output is used by Xcode 'outputs' to avoid re-running this script phase.\necho \"SUCCESS\" > \"${SCRIPT_OUTPUT_FILE_0}\"\n";
			showEnvVarsInLog = 0;
		};
/* End PBXShellScriptBuildPhase section */

/* Begin PBXSourcesBuildPhase section */
		8D57AF5520E5CA2900CA3F5A /* Sources */ = {
			isa = PBXSourcesBuildPhase;
			buildActionMask = 2147483647;
			files = (
				8D5EDF8120EF093D0036E156 /* HXBTransferListViewModel.swift in Sources */,
				8D57AF8820E607EC00CA3F5A /* HXBShakeConfigUrlView.swift in Sources */,
				8D57AFC120E6281800CA3F5A /* HXBError.swift in Sources */,
				8D57AFB320E61FE100CA3F5A /* HXBString.swift in Sources */,
				8D57AFBF20E626FC00CA3F5A /* HXBKeychain.swift in Sources */,
				8D57AFC720E62A6F00CA3F5A /* JSON+HXB.swift in Sources */,
				8D60B47E20F5D0CE00287E52 /* HXBHomeNewPlanCell.swift in Sources */,
				8D5EDF7F20EF092F0036E156 /* HXBLoanListViewModel.swift in Sources */,
				8D57AFA920E6092200CA3F5A /* HXBMineController.swift in Sources */,
				8D57AFAB20E60C3F00CA3F5A /* HXBRequestApi.swift in Sources */,
				8D60B47A20F5CF8C00287E52 /* HXBHomeViewModel.swift in Sources */,
				8D57AFD520E6363600CA3F5A /* UILabel+HXB.swift in Sources */,
				8D57AFB120E60CB900CA3F5A /* HXBNetActivityManager.swift in Sources */,
				8D57AF7E20E6075200CA3F5A /* HXBTabBarController.swift in Sources */,
				8D57AFB520E61FEA00CA3F5A /* HXBColor.swift in Sources */,
				8D60B47820F4A6A600287E52 /* HXBPlatListCellViewModel.swift in Sources */,
				8D5EDF9520EF6B020036E156 /* HXBRefreshHeader.swift in Sources */,
				8D57AFCF20E6361F00CA3F5A /* UIImageView+HXB.swift in Sources */,
				8D57AFB720E6201E00CA3F5A /* HXBLength.swift in Sources */,
				8D5EDF7120EDFC680036E156 /* HXBSegView.swift in Sources */,
				8D57AFAF20E60C7A00CA3F5A /* HXBNetworkManager.swift in Sources */,
				8D57AFB920E6202800CA3F5A /* HXBFont.swift in Sources */,
				8D5EDF7720EE1C310036E156 /* HXBLoanListController.swift in Sources */,
				8D5EDF9320EF508C0036E156 /* HXBTransferListCell.swift in Sources */,
				8D5EDF7920EE1C6E0036E156 /* HXBTransferListController.swift in Sources */,
				8D57AF5D20E5CA2900CA3F5A /* AppDelegate.swift in Sources */,
				8D57AF8F20E6084500CA3F5A /* ActiveBuilder.swift in Sources */,
				8D57AF8020E6076F00CA3F5A /* HXBNavigationController.swift in Sources */,
				8D57AF9320E6084500CA3F5A /* StringTrimExtension.swift in Sources */,
				8D5EDF8D20EF4E390036E156 /* HXBReactiveProtocol.swift in Sources */,
				8D60B48820F5D6BC00287E52 /* HXBTransferModel.swift in Sources */,
				8D57AF8420E6079300CA3F5A /* HXBViewModel.swift in Sources */,
				8D5EDF8F20EF506F0036E156 /* HXBPlanListCell.swift in Sources */,
				8D7F47F320EF7EDD00F22312 /* HXBRefreshFooter.swift in Sources */,
				8D57AF9020E6084500CA3F5A /* ActiveLabel.swift in Sources */,
				8D60B48A20F5DC1F00287E52 /* HXBHomePlanCellViewModel.swift in Sources */,
				8D57AFD320E6362F00CA3F5A /* UIImage+HXB.swift in Sources */,
				8D57AFA720E6090C00CA3F5A /* HXBInvestController.swift in Sources */,
				8D60B48420F5D5E500287E52 /* HXBPlanModel.swift in Sources */,
				8D60B47C20F5D0B600287E52 /* HXBHomePlanCell.swift in Sources */,
				8D57AFCD20E6361300CA3F5A /* UIButton+HXB.swift in Sources */,
				8D39140820E640AE0005AF9E /* HXBMineViewModel.swift in Sources */,
				8D5EDF7D20EF09170036E156 /* HXBPlanListViewModel.swift in Sources */,
				8D57AF9220E6084500CA3F5A /* RegexParser.swift in Sources */,
				8D57AFAD20E60C6C00CA3F5A /* HXBAPI.swift in Sources */,
				8D57AFBD20E6204B00CA3F5A /* HXBNet.swift in Sources */,
				8D57AF7C20E6073A00CA3F5A /* HXBViewController.swift in Sources */,
				8D57AFCB20E633DD00CA3F5A /* HXBHUD.swift in Sources */,
				8D60B48620F5D69D00287E52 /* HXBLoanModel.swift in Sources */,
				8D57AF8220E6078100CA3F5A /* HXBModel.swift in Sources */,
				8D5EDF9120EF507C0036E156 /* HXBLoanListCell.swift in Sources */,
				8D57AFBB20E6204100CA3F5A /* HXBConfig.swift in Sources */,
				8D57AFC320E6282300CA3F5A /* HXBCode.swift in Sources */,
				8D57AF9120E6084500CA3F5A /* ActiveType.swift in Sources */,
				8D57AFC920E62EDB00CA3F5A /* HXBSignal.swift in Sources */,
				8D5EDF7B20EE2B320036E156 /* HXBTableView.swift in Sources */,
				8D57AFA520E608F700CA3F5A /* HXBHomeController.swift in Sources */,
				8D5EDF7520EE1C230036E156 /* HXBPlanListController.swift in Sources */,
			);
			runOnlyForDeploymentPostprocessing = 0;
		};
/* End PBXSourcesBuildPhase section */

/* Begin XCBuildConfiguration section */
		8D57AF6920E5CA2B00CA3F5A /* Debug */ = {
			isa = XCBuildConfiguration;
			buildSettings = {
				ALWAYS_SEARCH_USER_PATHS = NO;
				CLANG_ANALYZER_NONNULL = YES;
				CLANG_ANALYZER_NUMBER_OBJECT_CONVERSION = YES_AGGRESSIVE;
				CLANG_CXX_LANGUAGE_STANDARD = "gnu++14";
				CLANG_CXX_LIBRARY = "libc++";
				CLANG_ENABLE_MODULES = YES;
				CLANG_ENABLE_OBJC_ARC = YES;
				CLANG_ENABLE_OBJC_WEAK = YES;
				CLANG_WARN_BLOCK_CAPTURE_AUTORELEASING = YES;
				CLANG_WARN_BOOL_CONVERSION = YES;
				CLANG_WARN_COMMA = YES;
				CLANG_WARN_CONSTANT_CONVERSION = YES;
				CLANG_WARN_DEPRECATED_OBJC_IMPLEMENTATIONS = YES;
				CLANG_WARN_DIRECT_OBJC_ISA_USAGE = YES_ERROR;
				CLANG_WARN_DOCUMENTATION_COMMENTS = YES;
				CLANG_WARN_EMPTY_BODY = YES;
				CLANG_WARN_ENUM_CONVERSION = YES;
				CLANG_WARN_INFINITE_RECURSION = YES;
				CLANG_WARN_INT_CONVERSION = YES;
				CLANG_WARN_NON_LITERAL_NULL_CONVERSION = YES;
				CLANG_WARN_OBJC_IMPLICIT_RETAIN_SELF = YES;
				CLANG_WARN_OBJC_LITERAL_CONVERSION = YES;
				CLANG_WARN_OBJC_ROOT_CLASS = YES_ERROR;
				CLANG_WARN_RANGE_LOOP_ANALYSIS = YES;
				CLANG_WARN_STRICT_PROTOTYPES = YES;
				CLANG_WARN_SUSPICIOUS_MOVE = YES;
				CLANG_WARN_UNGUARDED_AVAILABILITY = YES_AGGRESSIVE;
				CLANG_WARN_UNREACHABLE_CODE = YES;
				CLANG_WARN__DUPLICATE_METHOD_MATCH = YES;
				CODE_SIGN_IDENTITY = "iPhone Developer";
				COPY_PHASE_STRIP = NO;
				DEBUG_INFORMATION_FORMAT = dwarf;
				ENABLE_STRICT_OBJC_MSGSEND = YES;
				ENABLE_TESTABILITY = YES;
				GCC_C_LANGUAGE_STANDARD = gnu11;
				GCC_DYNAMIC_NO_PIC = NO;
				GCC_NO_COMMON_BLOCKS = YES;
				GCC_OPTIMIZATION_LEVEL = 0;
				GCC_PREPROCESSOR_DEFINITIONS = (
					"DEBUG=1",
					"$(inherited)",
				);
				GCC_WARN_64_TO_32_BIT_CONVERSION = YES;
				GCC_WARN_ABOUT_RETURN_TYPE = YES_ERROR;
				GCC_WARN_UNDECLARED_SELECTOR = YES;
				GCC_WARN_UNINITIALIZED_AUTOS = YES_AGGRESSIVE;
				GCC_WARN_UNUSED_FUNCTION = YES;
				GCC_WARN_UNUSED_VARIABLE = YES;
				IPHONEOS_DEPLOYMENT_TARGET = 11.4;
				MTL_ENABLE_DEBUG_INFO = YES;
				ONLY_ACTIVE_ARCH = YES;
				SDKROOT = iphoneos;
				SWIFT_ACTIVE_COMPILATION_CONDITIONS = DEBUG;
				SWIFT_OPTIMIZATION_LEVEL = "-Onone";
			};
			name = Debug;
		};
		8D57AF6A20E5CA2B00CA3F5A /* Release */ = {
			isa = XCBuildConfiguration;
			buildSettings = {
				ALWAYS_SEARCH_USER_PATHS = NO;
				CLANG_ANALYZER_NONNULL = YES;
				CLANG_ANALYZER_NUMBER_OBJECT_CONVERSION = YES_AGGRESSIVE;
				CLANG_CXX_LANGUAGE_STANDARD = "gnu++14";
				CLANG_CXX_LIBRARY = "libc++";
				CLANG_ENABLE_MODULES = YES;
				CLANG_ENABLE_OBJC_ARC = YES;
				CLANG_ENABLE_OBJC_WEAK = YES;
				CLANG_WARN_BLOCK_CAPTURE_AUTORELEASING = YES;
				CLANG_WARN_BOOL_CONVERSION = YES;
				CLANG_WARN_COMMA = YES;
				CLANG_WARN_CONSTANT_CONVERSION = YES;
				CLANG_WARN_DEPRECATED_OBJC_IMPLEMENTATIONS = YES;
				CLANG_WARN_DIRECT_OBJC_ISA_USAGE = YES_ERROR;
				CLANG_WARN_DOCUMENTATION_COMMENTS = YES;
				CLANG_WARN_EMPTY_BODY = YES;
				CLANG_WARN_ENUM_CONVERSION = YES;
				CLANG_WARN_INFINITE_RECURSION = YES;
				CLANG_WARN_INT_CONVERSION = YES;
				CLANG_WARN_NON_LITERAL_NULL_CONVERSION = YES;
				CLANG_WARN_OBJC_IMPLICIT_RETAIN_SELF = YES;
				CLANG_WARN_OBJC_LITERAL_CONVERSION = YES;
				CLANG_WARN_OBJC_ROOT_CLASS = YES_ERROR;
				CLANG_WARN_RANGE_LOOP_ANALYSIS = YES;
				CLANG_WARN_STRICT_PROTOTYPES = YES;
				CLANG_WARN_SUSPICIOUS_MOVE = YES;
				CLANG_WARN_UNGUARDED_AVAILABILITY = YES_AGGRESSIVE;
				CLANG_WARN_UNREACHABLE_CODE = YES;
				CLANG_WARN__DUPLICATE_METHOD_MATCH = YES;
				CODE_SIGN_IDENTITY = "iPhone Developer";
				COPY_PHASE_STRIP = NO;
				DEBUG_INFORMATION_FORMAT = "dwarf-with-dsym";
				ENABLE_NS_ASSERTIONS = NO;
				ENABLE_STRICT_OBJC_MSGSEND = YES;
				GCC_C_LANGUAGE_STANDARD = gnu11;
				GCC_NO_COMMON_BLOCKS = YES;
				GCC_WARN_64_TO_32_BIT_CONVERSION = YES;
				GCC_WARN_ABOUT_RETURN_TYPE = YES_ERROR;
				GCC_WARN_UNDECLARED_SELECTOR = YES;
				GCC_WARN_UNINITIALIZED_AUTOS = YES_AGGRESSIVE;
				GCC_WARN_UNUSED_FUNCTION = YES;
				GCC_WARN_UNUSED_VARIABLE = YES;
				IPHONEOS_DEPLOYMENT_TARGET = 11.4;
				MTL_ENABLE_DEBUG_INFO = NO;
				SDKROOT = iphoneos;
				SWIFT_COMPILATION_MODE = wholemodule;
				SWIFT_OPTIMIZATION_LEVEL = "-O";
				VALIDATE_PRODUCT = YES;
			};
			name = Release;
		};
		8D57AF6C20E5CA2B00CA3F5A /* Debug */ = {
			isa = XCBuildConfiguration;
			baseConfigurationReference = D700915060D738EFF63636CD /* Pods-HXB.debug.xcconfig */;
			buildSettings = {
				ASSETCATALOG_COMPILER_APPICON_NAME = AppIcon;
				ASSETCATALOG_COMPILER_LAUNCHIMAGE_NAME = LaunchImage;
				CODE_SIGN_STYLE = Automatic;
				DEVELOPMENT_TEAM = Z9M2NMJFP5;
				INFOPLIST_FILE = HXB/Info.plist;
				IPHONEOS_DEPLOYMENT_TARGET = 11.0;
				LD_RUNPATH_SEARCH_PATHS = (
					"$(inherited)",
					"@executable_path/Frameworks",
				);
				PRODUCT_BUNDLE_IDENTIFIER = com.lxz.HXB;
				PRODUCT_NAME = "$(TARGET_NAME)";
				SWIFT_VERSION = 4.0;
				TARGETED_DEVICE_FAMILY = 1;
			};
			name = Debug;
		};
		8D57AF6D20E5CA2B00CA3F5A /* Release */ = {
			isa = XCBuildConfiguration;
			baseConfigurationReference = 04B33EFEC459D36B73168500 /* Pods-HXB.release.xcconfig */;
			buildSettings = {
				ASSETCATALOG_COMPILER_APPICON_NAME = AppIcon;
				ASSETCATALOG_COMPILER_LAUNCHIMAGE_NAME = LaunchImage;
				CODE_SIGN_STYLE = Automatic;
				DEVELOPMENT_TEAM = Z9M2NMJFP5;
				INFOPLIST_FILE = HXB/Info.plist;
				IPHONEOS_DEPLOYMENT_TARGET = 11.0;
				LD_RUNPATH_SEARCH_PATHS = (
					"$(inherited)",
					"@executable_path/Frameworks",
				);
				PRODUCT_BUNDLE_IDENTIFIER = com.lxz.HXB;
				PRODUCT_NAME = "$(TARGET_NAME)";
				SWIFT_VERSION = 4.0;
				TARGETED_DEVICE_FAMILY = 1;
			};
			name = Release;
		};
/* End XCBuildConfiguration section */

/* Begin XCConfigurationList section */
		8D57AF5420E5CA2900CA3F5A /* Build configuration list for PBXProject "HXB" */ = {
			isa = XCConfigurationList;
			buildConfigurations = (
				8D57AF6920E5CA2B00CA3F5A /* Debug */,
				8D57AF6A20E5CA2B00CA3F5A /* Release */,
			);
			defaultConfigurationIsVisible = 0;
			defaultConfigurationName = Release;
		};
		8D57AF6B20E5CA2B00CA3F5A /* Build configuration list for PBXNativeTarget "HXB" */ = {
			isa = XCConfigurationList;
			buildConfigurations = (
				8D57AF6C20E5CA2B00CA3F5A /* Debug */,
				8D57AF6D20E5CA2B00CA3F5A /* Release */,
			);
			defaultConfigurationIsVisible = 0;
			defaultConfigurationName = Release;
		};
/* End XCConfigurationList section */
	};
	rootObject = 8D57AF5120E5CA2900CA3F5A /* Project object */;
}
